
Microsoft Visual Studio Solution File, Format Version 12.00
# Visual Studio Version 17
VisualStudioVersion = 17.6.33723.286
MinimumVisualStudioVersion = 10.0.40219.1
Project("{9A19103F-16F7-4668-BE54-9A1E7A4F7556}") = "AdcCase", "src\AdcCase\AdcCase.csproj", "{A789F1EF-BFA5-49C2-AAA6-3556038ACFE7}"
EndProject
Global
	GlobalSection(SolutionConfigurationPlatforms) = preSolution
		Debug|Any CPU = Debug|Any CPU
		Release|Any CPU = Release|Any CPU
	EndGlobalSection
	GlobalSection(ProjectConfigurationPlatforms) = postSolution
		{A789F1EF-BFA5-49C2-AAA6-3556038ACFE7}.Debug|Any CPU.ActiveCfg = Debug|Any CPU
		{A789F1EF-BFA5-49C2-AAA6-3556038ACFE7}.Debug|Any CPU.Build.0 = Debug|Any CPU
		{A789F1EF-BFA5-49C2-AAA6-3556038ACFE7}.Release|Any CPU.ActiveCfg = Release|Any CPU
		{A789F1EF-BFA5-49C2-AAA6-3556038ACFE7}.Release|Any CPU.Build.0 = Release|Any CPU
	EndGlobalSection
	GlobalSection(SolutionProperties) = preSolution
		HideSolutionNode = FALSE
	EndGlobalSection
	GlobalSection(ExtensibilityGlobals) = postSolution
		SolutionGuid = {369408BE-DCD6-4154-A682-CD2AAD66CEA9}
	EndGlobalSection
EndGlobal
